
Microsoft Visual Studio Solution File, Format Version 12.00
# Visual Studio Version 17
VisualStudioVersion = 17.7.34031.279
MinimumVisualStudioVersion = 10.0.40219.1
Project("{FAE04EC0-301F-11D3-BF4B-00C04F79EFBC}") = "react_native_app_bk", "react_native_app_bk\react_native_app_bk.csproj", "{BCA8A467-553C-4EB4-B577-6CD81F28B581}"
EndProject
Global
	GlobalSection(SolutionConfigurationPlatforms) = preSolution
		Debug|Any CPU = Debug|Any CPU
		Release|Any CPU = Release|Any CPU
	EndGlobalSection
	GlobalSection(ProjectConfigurationPlatforms) = postSolution
		{BCA8A467-553C-4EB4-B577-6CD81F28B581}.Debug|Any CPU.ActiveCfg = Debug|Any CPU
		{BCA8A467-553C-4EB4-B577-6CD81F28B581}.Debug|Any CPU.Build.0 = Debug|Any CPU
		{BCA8A467-553C-4EB4-B577-6CD81F28B581}.Release|Any CPU.ActiveCfg = Release|Any CPU
		{BCA8A467-553C-4EB4-B577-6CD81F28B581}.Release|Any CPU.Build.0 = Release|Any CPU
	EndGlobalSection
	GlobalSection(SolutionProperties) = preSolution
		HideSolutionNode = FALSE
	EndGlobalSection
	GlobalSection(ExtensibilityGlobals) = postSolution
		SolutionGuid = {20BB2863-3DC4-443B-A8AC-7C53EB5C2B55}
	EndGlobalSection
EndGlobal
